// !$*UTF8*$!
{
	archiveVersion = 1;
	classes = {
	};
	objectVersion = 46;
	objects = {

/* Begin PBXBuildFile section */
		724DCCF9252FF12661FA6066 /* libPods-GifExample.a in Frameworks */ = {isa = PBXBuildFile; fileRef = 23AB157288497460BD3EE97F /* libPods-GifExample.a */; };
		A21442091BC218710058BC99 /* main.m in Sources */ = {isa = PBXBuildFile; fileRef = A21442081BC218710058BC99 /* main.m */; };
		A214420C1BC218710058BC99 /* AppDelegate.m in Sources */ = {isa = PBXBuildFile; fileRef = A214420B1BC218710058BC99 /* AppDelegate.m */; };
		A214420F1BC218710058BC99 /* ViewController.m in Sources */ = {isa = PBXBuildFile; fileRef = A214420E1BC218710058BC99 /* ViewController.m */; };
		A21442121BC218710058BC99 /* Main.storyboard in Resources */ = {isa = PBXBuildFile; fileRef = A21442101BC218710058BC99 /* Main.storyboard */; };
		A21442141BC218710058BC99 /* Assets.xcassets in Resources */ = {isa = PBXBuildFile; fileRef = A21442131BC218710058BC99 /* Assets.xcassets */; };
		A21442171BC218710058BC99 /* LaunchScreen.storyboard in Resources */ = {isa = PBXBuildFile; fileRef = A21442151BC218710058BC99 /* LaunchScreen.storyboard */; };
		A214422D1BC250AD0058BC99 /* 20148114315183804.gif in Resources */ = {isa = PBXBuildFile; fileRef = A214422C1BC250AD0058BC99 /* 20148114315183804.gif */; settings = {ASSET_TAGS = (); }; };
/* End PBXBuildFile section */

/* Begin PBXFileReference section */
		23AB157288497460BD3EE97F /* libPods-GifExample.a */ = {isa = PBXFileReference; explicitFileType = archive.ar; includeInIndex = 0; path = "libPods-GifExample.a"; sourceTree = BUILT_PRODUCTS_DIR; };
		40A01604F9F86F2B94CA67DE /* Pods-GifExample.release.xcconfig */ = {isa = PBXFileReference; includeInIndex = 1; lastKnownFileType = text.xcconfig; name = "Pods-GifExample.release.xcconfig"; path = "Pods/Target Support Files/Pods-GifExample/Pods-GifExample.release.xcconfig"; sourceTree = "<group>"; };
		A21442041BC218710058BC99 /* GifExample.app */ = {isa = PBXFileReference; explicitFileType = wrapper.application; includeInIndex = 0; path = GifExample.app; sourceTree = BUILT_PRODUCTS_DIR; };
		A21442081BC218710058BC99 /* main.m */ = {isa = PBXFileReference; lastKnownFileType = sourcecode.c.objc; path = main.m; sourceTree = "<group>"; };
		A214420A1BC218710058BC99 /* AppDelegate.h */ = {isa = PBXFileReference; lastKnownFileType = sourcecode.c.h; path = AppDelegate.h; sourceTree = "<group>"; };
		A214420B1BC218710058BC99 /* AppDelegate.m */ = {isa = PBXFileReference; lastKnownFileType = sourcecode.c.objc; path = AppDelegate.m; sourceTree = "<group>"; };
		A214420D1BC218710058BC99 /* ViewController.h */ = {isa = PBXFileReference; lastKnownFileType = sourcecode.c.h; path = ViewController.h; sourceTree = "<group>"; };
		A214420E1BC218710058BC99 /* ViewController.m */ = {isa = PBXFileReference; lastKnownFileType = sourcecode.c.objc; path = ViewController.m; sourceTree = "<group>"; };
		A21442111BC218710058BC99 /* Base */ = {isa = PBXFileReference; lastKnownFileType = file.storyboard; name = Base; path = Base.lproj/Main.storyboard; sourceTree = "<group>"; };
		A21442131BC218710058BC99 /* Assets.xcassets */ = {isa = PBXFileReference; lastKnownFileType = folder.assetcatalog; path = Assets.xcassets; sourceTree = "<group>"; };
		A21442161BC218710058BC99 /* Base */ = {isa = PBXFileReference; lastKnownFileType = file.storyboard; name = Base; path = Base.lproj/LaunchScreen.storyboard; sourceTree = "<group>"; };
		A21442181BC218710058BC99 /* Info.plist */ = {isa = PBXFileReference; lastKnownFileType = text.plist.xml; path = Info.plist; sourceTree = "<group>"; };
		A214422C1BC250AD0058BC99 /* 20148114315183804.gif */ = {isa = PBXFileReference; lastKnownFileType = image.gif; path = 20148114315183804.gif; sourceTree = "<group>"; };
		DC36A4A49BB639764C19BD26 /* Pods-GifExample.debug.xcconfig */ = {isa = PBXFileReference; includeInIndex = 1; lastKnownFileType = text.xcconfig; name = "Pods-GifExample.debug.xcconfig"; path = "Pods/Target Support Files/Pods-GifExample/Pods-GifExample.debug.xcconfig"; sourceTree = "<group>"; };
/* End PBXFileReference section */

/* Begin PBXFrameworksBuildPhase section */
		A21442011BC218710058BC99 /* Frameworks */ = {
			isa = PBXFrameworksBuildPhase;
			buildActionMask = 2147483647;
			files = (
				724DCCF9252FF12661FA6066 /* libPods-GifExample.a in Frameworks */,
			);
			runOnlyForDeploymentPostprocessing = 0;
		};
/* End PBXFrameworksBuildPhase section */

/* Begin PBXGroup section */
		8113E1F60A9043BDA5CC138D /* Pods */ = {
			isa = PBXGroup;
			children = (
				DC36A4A49BB639764C19BD26 /* Pods-GifExample.debug.xcconfig */,
				40A01604F9F86F2B94CA67DE /* Pods-GifExample.release.xcconfig */,
			);
			name = Pods;
			sourceTree = "<group>";
		};
		A21441FB1BC218710058BC99 = {
			isa = PBXGroup;
			children = (
				A214422B1BC250AD0058BC99 /* Resources */,
				A21442061BC218710058BC99 /* Sources */,
				A21442051BC218710058BC99 /* Products */,
				8113E1F60A9043BDA5CC138D /* Pods */,
				AB39DF5B93340EACF6001974 /* Frameworks */,
			);
			sourceTree = "<group>";
		};
		A21442051BC218710058BC99 /* Products */ = {
			isa = PBXGroup;
			children = (
				A21442041BC218710058BC99 /* GifExample.app */,
			);
			name = Products;
			sourceTree = "<group>";
		};
		A21442061BC218710058BC99 /* Sources */ = {
			isa = PBXGroup;
			children = (
				A214420A1BC218710058BC99 /* AppDelegate.h */,
				A214420B1BC218710058BC99 /* AppDelegate.m */,
				A214420D1BC218710058BC99 /* ViewController.h */,
				A214420E1BC218710058BC99 /* ViewController.m */,
				A21442101BC218710058BC99 /* Main.storyboard */,
				A21442131BC218710058BC99 /* Assets.xcassets */,
				A21442151BC218710058BC99 /* LaunchScreen.storyboard */,
				A21442181BC218710058BC99 /* Info.plist */,
				A21442071BC218710058BC99 /* Supporting Files */,
			);
			path = Sources;
			sourceTree = "<group>";
		};
		A21442071BC218710058BC99 /* Supporting Files */ = {
			isa = PBXGroup;
			children = (
				A21442081BC218710058BC99 /* main.m */,
			);
			name = "Supporting Files";
			sourceTree = "<group>";
		};
		A214422B1BC250AD0058BC99 /* Resources */ = {
			isa = PBXGroup;
			children = (
				A214422C1BC250AD0058BC99 /* 20148114315183804.gif */,
			);
			path = Resources;
			sourceTree = "<group>";
		};
		AB39DF5B93340EACF6001974 /* Frameworks */ = {
			isa = PBXGroup;
			children = (
				23AB157288497460BD3EE97F /* libPods-GifExample.a */,
			);
			name = Frameworks;
			sourceTree = "<group>";
		};
/* End PBXGroup section */

/* Begin PBXNativeTarget section */
		A21442031BC218710058BC99 /* GifExample */ = {
			isa = PBXNativeTarget;
			buildConfigurationList = A214421B1BC218710058BC99 /* Build configuration list for PBXNativeTarget "GifExample" */;
			buildPhases = (
				61698E6A320EFEA1E59B4D1D /* Check Pods Manifest.lock */,
				A21442001BC218710058BC99 /* Sources */,
				A21442011BC218710058BC99 /* Frameworks */,
				A21442021BC218710058BC99 /* Resources */,
				B63AFFD7E817198EE353BC18 /* Embed Pods Frameworks */,
				0771EDB85E291667383276BE /* Copy Pods Resources */,
			);
			buildRules = (
			);
			dependencies = (
			);
			name = GifExample;
			productName = CocoaGIF;
			productReference = A21442041BC218710058BC99 /* GifExample.app */;
			productType = "com.apple.product-type.application";
		};
/* End PBXNativeTarget section */

/* Begin PBXProject section */
		A21441FC1BC218710058BC99 /* Project object */ = {
			isa = PBXProject;
			attributes = {
				LastUpgradeCheck = 0700;
				ORGANIZATIONNAME = vimkoo;
				TargetAttributes = {
					A21442031BC218710058BC99 = {
						CreatedOnToolsVersion = 7.0.1;
					};
				};
			};
			buildConfigurationList = A21441FF1BC218710058BC99 /* Build configuration list for PBXProject "GifExample" */;
			compatibilityVersion = "Xcode 3.2";
			developmentRegion = English;
			hasScannedForEncodings = 0;
			knownRegions = (
				en,
				Base,
			);
			mainGroup = A21441FB1BC218710058BC99;
			productRefGroup = A21442051BC218710058BC99 /* Products */;
			projectDirPath = "";
			projectRoot = "";
			targets = (
				A21442031BC218710058BC99 /* GifExample */,
			);
		};
/* End PBXProject section */

/* Begin PBXResourcesBuildPhase section */
		A21442021BC218710058BC99 /* Resources */ = {
			isa = PBXResourcesBuildPhase;
			buildActionMask = 2147483647;
			files = (
				A21442171BC218710058BC99 /* LaunchScreen.storyboard in Resources */,
				A21442141BC218710058BC99 /* Assets.xcassets in Resources */,
				A21442121BC218710058BC99 /* Main.storyboard in Resources */,
				A214422D1BC250AD0058BC99 /* 20148114315183804.gif in Resources */,
			);
			runOnlyForDeploymentPostprocessing = 0;
		};
/* End PBXResourcesBuildPhase section */

/* Begin PBXShellScriptBuildPhase section */
		0771EDB85E291667383276BE /* Copy Pods Resources */ = {
			isa = PBXShellScriptBuildPhase;
			buildActionMask = 2147483647;
			files = (
			);
			inputPaths = (
			);
			name = "Copy Pods Resources";
			outputPaths = (
			);
			runOnlyForDeploymentPostprocessing = 0;
			shellPath = /bin/sh;
			shellScript = "\"${SRCROOT}/Pods/Target Support Files/Pods-GifExample/Pods-GifExample-resources.sh\"\n";
			showEnvVarsInLog = 0;
		};
		61698E6A320EFEA1E59B4D1D /* Check Pods Manifest.lock */ = {
			isa = PBXShellScriptBuildPhase;
			buildActionMask = 2147483647;
			files = (
			);
			inputPaths = (
			);
			name = "Check Pods Manifest.lock";
			outputPaths = (
			);
			runOnlyForDeploymentPostprocessing = 0;
			shellPath = /bin/sh;
			shellScript = "diff \"${PODS_ROOT}/../Podfile.lock\" \"${PODS_ROOT}/Manifest.lock\" > /dev/null\nif [[ $? != 0 ]] ; then\n    cat << EOM\nerror: The sandbox is not in sync with the Podfile.lock. Run 'pod install' or update your CocoaPods installation.\nEOM\n    exit 1\nfi\n";
			showEnvVarsInLog = 0;
		};
		B63AFFD7E817198EE353BC18 /* Embed Pods Frameworks */ = {
			isa = PBXShellScriptBuildPhase;
			buildActionMask = 2147483647;
			files = (
			);
			inputPaths = (
			);
			name = "Embed Pods Frameworks";
			outputPaths = (
			);
			runOnlyForDeploymentPostprocessing = 0;
			shellPath = /bin/sh;
			shellScript = "\"${SRCROOT}/Pods/Target Support Files/Pods-GifExample/Pods-GifExample-frameworks.sh\"\n";
			showEnvVarsInLog = 0;
		};
/* End PBXShellScriptBuildPhase section */

/* Begin PBXSourcesBuildPhase section */
		A21442001BC218710058BC99 /* Sources */ = {
			isa = PBXSourcesBuildPhase;
			buildActionMask = 2147483647;
			files = (
				A214420F1BC218710058BC99 /* ViewController.m in Sources */,
				A214420C1BC218710058BC99 /* AppDelegate.m in Sources */,
				A21442091BC218710058BC99 /* main.m in Sources */,
			);
			runOnlyForDeploymentPostprocessing = 0;
		};
/* End PBXSourcesBuildPhase section */

/* Begin PBXVariantGroup section */
		A21442101BC218710058BC99 /* Main.storyboard */ = {
			isa = PBXVariantGroup;
			children = (
				A21442111BC218710058BC99 /* Base */,
			);
			name = Main.storyboard;
			sourceTree = "<group>";
		};
		A21442151BC218710058BC99 /* LaunchScreen.storyboard */ = {
			isa = PBXVariantGroup;
			children = (
				A21442161BC218710058BC99 /* Base */,
			);
			name = LaunchScreen.storyboard;
			sourceTree = "<group>";
		};
/* End PBXVariantGroup section */

/* Begin XCBuildConfiguration section */
		A21442191BC218710058BC99 /* Debug */ = {
			isa = XCBuildConfiguration;
			buildSettings = {
				ALWAYS_SEARCH_USER_PATHS = NO;
				CLANG_CXX_LANGUAGE_STANDARD = "gnu++0x";
				CLANG_CXX_LIBRARY = "libc++";
				CLANG_ENABLE_MODULES = YES;
				CLANG_ENABLE_OBJC_ARC = YES;
				CLANG_WARN_BOOL_CONVERSION = YES;
				CLANG_WARN_CONSTANT_CONVERSION = YES;
				CLANG_WARN_DIRECT_OBJC_ISA_USAGE = YES_ERROR;
				CLANG_WARN_EMPTY_BODY = YES;
				CLANG_WARN_ENUM_CONVERSION = YES;
				CLANG_WARN_INT_CONVERSION = YES;
				CLANG_WARN_OBJC_ROOT_CLASS = YES_ERROR;
				CLANG_WARN_UNREACHABLE_CODE = YES;
				CLANG_WARN__DUPLICATE_METHOD_MATCH = YES;
				"CODE_SIGN_IDENTITY[sdk=iphoneos*]" = "iPhone Developer";
				COPY_PHASE_STRIP = NO;
				DEBUG_INFORMATION_FORMAT = dwarf;
				ENABLE_STRICT_OBJC_MSGSEND = YES;
				ENABLE_TESTABILITY = YES;
				GCC_C_LANGUAGE_STANDARD = gnu99;
				GCC_DYNAMIC_NO_PIC = NO;
				GCC_NO_COMMON_BLOCKS = YES;
				GCC_OPTIMIZATION_LEVEL = 0;
				GCC_PREPROCESSOR_DEFINITIONS = (
					"DEBUG=1",
					"$(inherited)",
				);
				GCC_WARN_64_TO_32_BIT_CONVERSION = YES;
				GCC_WARN_ABOUT_RETURN_TYPE = YES_ERROR;
				GCC_WARN_UNDECLARED_SELECTOR = YES;
				GCC_WARN_UNINITIALIZED_AUTOS = YES_AGGRESSIVE;
				GCC_WARN_UNUSED_FUNCTION = YES;
				GCC_WARN_UNUSED_VARIABLE = YES;
				IPHONEOS_DEPLOYMENT_TARGET = 9.0;
				MTL_ENABLE_DEBUG_INFO = YES;
				ONLY_ACTIVE_ARCH = YES;
				SDKROOT = iphoneos;
				TARGETED_DEVICE_FAMILY = "1,2";
			};
			name = Debug;
		};
		A214421A1BC218710058BC99 /* Release */ = {
			isa = XCBuildConfiguration;
			buildSettings = {
				ALWAYS_SEARCH_USER_PATHS = NO;
				CLANG_CXX_LANGUAGE_STANDARD = "gnu++0x";
				CLANG_CXX_LIBRARY = "libc++";
				CLANG_ENABLE_MODULES = YES;
				CLANG_ENABLE_OBJC_ARC = YES;
				CLANG_WARN_BOOL_CONVERSION = YES;
				CLANG_WARN_CONSTANT_CONVERSION = YES;
				CLANG_WARN_DIRECT_OBJC_ISA_USAGE = YES_ERROR;
				CLANG_WARN_EMPTY_BODY = YES;
				CLANG_WARN_ENUM_CONVERSION = YES;
				CLANG_WARN_INT_CONVERSION = YES;
				CLANG_WARN_OBJC_ROOT_CLASS = YES_ERROR;
				CLANG_WARN_UNREACHABLE_CODE = YES;
				CLANG_WARN__DUPLICATE_METHOD_MATCH = YES;
				"CODE_SIGN_IDENTITY[sdk=iphoneos*]" = "iPhone Developer";
				COPY_PHASE_STRIP = NO;
				DEBUG_INFORMATION_FORMAT = "dwarf-with-dsym";
				ENABLE_NS_ASSERTIONS = NO;
				ENABLE_STRICT_OBJC_MSGSEND = YES;
				GCC_C_LANGUAGE_STANDARD = gnu99;
				GCC_NO_COMMON_BLOCKS = YES;
				GCC_WARN_64_TO_32_BIT_CONVERSION = YES;
				GCC_WARN_ABOUT_RETURN_TYPE = YES_ERROR;
				GCC_WARN_UNDECLARED_SELECTOR = YES;
				GCC_WARN_UNINITIALIZED_AUTOS = YES_AGGRESSIVE;
				GCC_WARN_UNUSED_FUNCTION = YES;
				GCC_WARN_UNUSED_VARIABLE = YES;
				IPHONEOS_DEPLOYMENT_TARGET = 9.0;
				MTL_ENABLE_DEBUG_INFO = NO;
				SDKROOT = iphoneos;
				TARGETED_DEVICE_FAMILY = "1,2";
				VALIDATE_PRODUCT = YES;
			};
			name = Release;
		};
		A214421C1BC218710058BC99 /* Debug */ = {
			isa = XCBuildConfiguration;
			baseConfigurationReference = DC36A4A49BB639764C19BD26 /* Pods-GifExample.debug.xcconfig */;
			buildSettings = {
				ASSETCATALOG_COMPILER_APPICON_NAME = AppIcon;
				INFOPLIST_FILE = "$(SRCROOT)/Sources/Info.plist";
				LD_RUNPATH_SEARCH_PATHS = "$(inherited) @executable_path/Frameworks";
				PRODUCT_BUNDLE_IDENTIFIER = com.vimkoo.CocoaGIF;
				PRODUCT_NAME = GifExample;
			};
			name = Debug;
		};
		A214421D1BC218710058BC99 /* Release */ = {
			isa = XCBuildConfiguration;
			baseConfigurationReference = 40A01604F9F86F2B94CA67DE /* Pods-GifExample.release.xcconfig */;
			buildSettings = {
				ASSETCATALOG_COMPILER_APPICON_NAME = AppIcon;
				INFOPLIST_FILE = "$(SRCROOT)/Sources/Info.plist";
				LD_RUNPATH_SEARCH_PATHS = "$(inherited) @executable_path/Frameworks";
				PRODUCT_BUNDLE_IDENTIFIER = com.vimkoo.CocoaGIF;
				PRODUCT_NAME = GifExample;
			};
			name = Release;
		};
/* End XCBuildConfiguration section */

/* Begin XCConfigurationList section */
		A21441FF1BC218710058BC99 /* Build configuration list for PBXProject "GifExample" */ = {
			isa = XCConfigurationList;
			buildConfigurations = (
				A21442191BC218710058BC99 /* Debug */,
				A214421A1BC218710058BC99 /* Release */,
			);
			defaultConfigurationIsVisible = 0;
			defaultConfigurationName = Release;
		};
		A214421B1BC218710058BC99 /* Build configuration list for PBXNativeTarget "GifExample" */ = {
			isa = XCConfigurationList;
			buildConfigurations = (
				A214421C1BC218710058BC99 /* Debug */,
				A214421D1BC218710058BC99 /* Release */,
			);
			defaultConfigurationIsVisible = 0;
			defaultConfigurationName = Release;
		};
/* End XCConfigurationList section */
	};
	rootObject = A21441FC1BC218710058BC99 /* Project object */;
}
